
Microsoft Visual Studio Solution File, Format Version 12.00
# Visual Studio 15
VisualStudioVersion = 15.0.27004.2008
MinimumVisualStudioVersion = 10.0.40219.1
Project("{FAE04EC0-301F-11D3-BF4B-00C04F79EFBC}") = "MVCAccesoDatos", "MVCAccesoDatos\MVCAccesoDatos.csproj", "{0831EB67-1875-4022-84F4-89BF0F21CE8B}"
EndProject
Global
	GlobalSection(SolutionConfigurationPlatforms) = preSolution
		Debug|Any CPU = Debug|Any CPU
		Release|Any CPU = Release|Any CPU
	EndGlobalSection
	GlobalSection(ProjectConfigurationPlatforms) = postSolution
		{0831EB67-1875-4022-84F4-89BF0F21CE8B}.Debug|Any CPU.ActiveCfg = Debug|Any CPU
		{0831EB67-1875-4022-84F4-89BF0F21CE8B}.Debug|Any CPU.Build.0 = Debug|Any CPU
		{0831EB67-1875-4022-84F4-89BF0F21CE8B}.Release|Any CPU.ActiveCfg = Release|Any CPU
		{0831EB67-1875-4022-84F4-89BF0F21CE8B}.Release|Any CPU.Build.0 = Release|Any CPU
	EndGlobalSection
	GlobalSection(SolutionProperties) = preSolution
		HideSolutionNode = FALSE
	EndGlobalSection
	GlobalSection(ExtensibilityGlobals) = postSolution
		SolutionGuid = {61DE6FE7-3D38-40D1-89EF-C9BFE0183C4C}
	EndGlobalSection
EndGlobal
